// !$*UTF8*$!
{
	archiveVersion = 1;
	classes = {
	};
	objectVersion = 48;
	objects = {

/* Begin PBXBuildFile section */
		9497F3091FB1DDEC0027B76A /* main.cpp in Sources */ = {isa = PBXBuildFile; fileRef = 9497F3081FB1DDEC0027B76A /* main.cpp */; };
		9497F3131FB1E9F70027B76A /* loki-0.1.7 in Frameworks */ = {isa = PBXBuildFile; fileRef = 9497F3121FB1E9F70027B76A /* loki-0.1.7 */; };
/* End PBXBuildFile section */

/* Begin PBXContainerItemProxy section */
		9497F3181FB1EA1B0027B76A /* PBXContainerItemProxy */ = {
			isa = PBXContainerItemProxy;
			containerPortal = 9497F3141FB1EA1B0027B76A /* Loki.xcodeproj */;
			proxyType = 2;
			remoteGlobalIDString = 8D07F2C80486CC7A007CD1D0;
			remoteInfo = loki;
		};
/* End PBXContainerItemProxy section */

/* Begin PBXCopyFilesBuildPhase section */
		9497F3031FB1DDEC0027B76A /* CopyFiles */ = {
			isa = PBXCopyFilesBuildPhase;
			buildActionMask = 2147483647;
			dstPath = /usr/share/man/man1/;
			dstSubfolderSpec = 0;
			files = (
			);
			runOnlyForDeploymentPostprocessing = 1;
		};
/* End PBXCopyFilesBuildPhase section */

/* Begin PBXFileReference section */
		942B31B91FB86EB6005571D1 /* Typelist.h */ = {isa = PBXFileReference; fileEncoding = 4; lastKnownFileType = sourcecode.c.h; path = Typelist.h; sourceTree = "<group>"; };
		942B31BC1FB86F51005571D1 /* NullType.h */ = {isa = PBXFileReference; fileEncoding = 4; lastKnownFileType = sourcecode.c.h; path = NullType.h; sourceTree = "<group>"; };
		942B31BE1FB8702C005571D1 /* TypelistMacros.h */ = {isa = PBXFileReference; fileEncoding = 4; lastKnownFileType = sourcecode.c.h; path = TypelistMacros.h; sourceTree = "<group>"; };
		942B31BF1FB8702C005571D1 /* TypeManip.h */ = {isa = PBXFileReference; fileEncoding = 4; lastKnownFileType = sourcecode.c.h; path = TypeManip.h; sourceTree = "<group>"; };
		9497F3051FB1DDEC0027B76A /* Reader */ = {isa = PBXFileReference; explicitFileType = "compiled.mach-o.executable"; includeInIndex = 0; path = Reader; sourceTree = BUILT_PRODUCTS_DIR; };
		9497F3081FB1DDEC0027B76A /* main.cpp */ = {isa = PBXFileReference; lastKnownFileType = sourcecode.cpp.cpp; path = main.cpp; sourceTree = "<group>"; };
		9497F3121FB1E9F70027B76A /* loki-0.1.7 */ = {isa = PBXFileReference; lastKnownFileType = folder; name = "loki-0.1.7"; path = "../../../../../c++_libs/loki-0.1.7"; sourceTree = "<group>"; };
		9497F3141FB1EA1B0027B76A /* Loki.xcodeproj */ = {isa = PBXFileReference; lastKnownFileType = "wrapper.pb-project"; name = Loki.xcodeproj; path = "../../../../../c++_libs/loki-0.1.7/macosx/Loki.xcodeproj"; sourceTree = "<group>"; };
		94EFCEAC1FBB12C200CC647A /* Decompressors.h */ = {isa = PBXFileReference; lastKnownFileType = sourcecode.c.h; path = Decompressors.h; sourceTree = "<group>"; };
/* End PBXFileReference section */

/* Begin PBXFrameworksBuildPhase section */
		9497F3021FB1DDEC0027B76A /* Frameworks */ = {
			isa = PBXFrameworksBuildPhase;
			buildActionMask = 2147483647;
			files = (
				9497F3131FB1E9F70027B76A /* loki-0.1.7 in Frameworks */,
			);
			runOnlyForDeploymentPostprocessing = 0;
		};
/* End PBXFrameworksBuildPhase section */

/* Begin PBXGroup section */
		9497F2FC1FB1DDEC0027B76A = {
			isa = PBXGroup;
			children = (
				9497F3071FB1DDEC0027B76A /* Reader */,
				9497F3061FB1DDEC0027B76A /* Products */,
				9497F3111FB1E9F70027B76A /* Frameworks */,
			);
			sourceTree = "<group>";
		};
		9497F3061FB1DDEC0027B76A /* Products */ = {
			isa = PBXGroup;
			children = (
				9497F3051FB1DDEC0027B76A /* Reader */,
			);
			name = Products;
			sourceTree = "<group>";
		};
		9497F3071FB1DDEC0027B76A /* Reader */ = {
			isa = PBXGroup;
			children = (
				942B31BE1FB8702C005571D1 /* TypelistMacros.h */,
				942B31BF1FB8702C005571D1 /* TypeManip.h */,
				942B31BC1FB86F51005571D1 /* NullType.h */,
				942B31B91FB86EB6005571D1 /* Typelist.h */,
				9497F3081FB1DDEC0027B76A /* main.cpp */,
				94EFCEAC1FBB12C200CC647A /* Decompressors.h */,
			);
			path = Reader;
			sourceTree = "<group>";
		};
		9497F3111FB1E9F70027B76A /* Frameworks */ = {
			isa = PBXGroup;
			children = (
				9497F3141FB1EA1B0027B76A /* Loki.xcodeproj */,
				9497F3121FB1E9F70027B76A /* loki-0.1.7 */,
			);
			name = Frameworks;
			sourceTree = "<group>";
		};
		9497F3151FB1EA1B0027B76A /* Products */ = {
			isa = PBXGroup;
			children = (
				9497F3191FB1EA1B0027B76A /* loki.framework */,
			);
			name = Products;
			sourceTree = "<group>";
		};
/* End PBXGroup section */

/* Begin PBXNativeTarget section */
		9497F3041FB1DDEC0027B76A /* Reader */ = {
			isa = PBXNativeTarget;
			buildConfigurationList = 9497F30C1FB1DDEC0027B76A /* Build configuration list for PBXNativeTarget "Reader" */;
			buildPhases = (
				9497F3011FB1DDEC0027B76A /* Sources */,
				9497F3021FB1DDEC0027B76A /* Frameworks */,
				9497F3031FB1DDEC0027B76A /* CopyFiles */,
			);
			buildRules = (
			);
			dependencies = (
			);
			name = Reader;
			productName = Reader;
			productReference = 9497F3051FB1DDEC0027B76A /* Reader */;
			productType = "com.apple.product-type.tool";
		};
/* End PBXNativeTarget section */

/* Begin PBXProject section */
		9497F2FD1FB1DDEC0027B76A /* Project object */ = {
			isa = PBXProject;
			attributes = {
				LastUpgradeCheck = 0910;
				ORGANIZATIONNAME = "Максим";
				TargetAttributes = {
					9497F3041FB1DDEC0027B76A = {
						CreatedOnToolsVersion = 9.1;
						ProvisioningStyle = Automatic;
					};
				};
			};
			buildConfigurationList = 9497F3001FB1DDEC0027B76A /* Build configuration list for PBXProject "Reader" */;
			compatibilityVersion = "Xcode 8.0";
			developmentRegion = en;
			hasScannedForEncodings = 0;
			knownRegions = (
				en,
			);
			mainGroup = 9497F2FC1FB1DDEC0027B76A;
			productRefGroup = 9497F3061FB1DDEC0027B76A /* Products */;
			projectDirPath = "";
			projectReferences = (
				{
					ProductGroup = 9497F3151FB1EA1B0027B76A /* Products */;
					ProjectRef = 9497F3141FB1EA1B0027B76A /* Loki.xcodeproj */;
				},
			);
			projectRoot = "";
			targets = (
				9497F3041FB1DDEC0027B76A /* Reader */,
			);
		};
/* End PBXProject section */

/* Begin PBXReferenceProxy section */
		9497F3191FB1EA1B0027B76A /* loki.framework */ = {
			isa = PBXReferenceProxy;
			fileType = wrapper.framework;
			path = loki.framework;
			remoteRef = 9497F3181FB1EA1B0027B76A /* PBXContainerItemProxy */;
			sourceTree = BUILT_PRODUCTS_DIR;
		};
/* End PBXReferenceProxy section */

/* Begin PBXSourcesBuildPhase section */
		9497F3011FB1DDEC0027B76A /* Sources */ = {
			isa = PBXSourcesBuildPhase;
			buildActionMask = 2147483647;
			files = (
				9497F3091FB1DDEC0027B76A /* main.cpp in Sources */,
			);
			runOnlyForDeploymentPostprocessing = 0;
		};
/* End PBXSourcesBuildPhase section */

/* Begin XCBuildConfiguration section */
		9497F30A1FB1DDEC0027B76A /* Debug */ = {
			isa = XCBuildConfiguration;
			buildSettings = {
				ALWAYS_SEARCH_USER_PATHS = NO;
				CLANG_ANALYZER_NONNULL = YES;
				CLANG_ANALYZER_NUMBER_OBJECT_CONVERSION = YES_AGGRESSIVE;
				CLANG_CXX_LANGUAGE_STANDARD = "gnu++14";
				CLANG_CXX_LIBRARY = "libc++";
				CLANG_ENABLE_MODULES = YES;
				CLANG_ENABLE_OBJC_ARC = YES;
				CLANG_WARN_BLOCK_CAPTURE_AUTORELEASING = YES;
				CLANG_WARN_BOOL_CONVERSION = YES;
				CLANG_WARN_COMMA = YES;
				CLANG_WARN_CONSTANT_CONVERSION = YES;
				CLANG_WARN_DIRECT_OBJC_ISA_USAGE = YES_ERROR;
				CLANG_WARN_DOCUMENTATION_COMMENTS = YES;
				CLANG_WARN_EMPTY_BODY = YES;
				CLANG_WARN_ENUM_CONVERSION = YES;
				CLANG_WARN_INFINITE_RECURSION = YES;
				CLANG_WARN_INT_CONVERSION = YES;
				CLANG_WARN_NON_LITERAL_NULL_CONVERSION = YES;
				CLANG_WARN_OBJC_LITERAL_CONVERSION = YES;
				CLANG_WARN_OBJC_ROOT_CLASS = YES_ERROR;
				CLANG_WARN_RANGE_LOOP_ANALYSIS = YES;
				CLANG_WARN_STRICT_PROTOTYPES = YES;
				CLANG_WARN_SUSPICIOUS_MOVE = YES;
				CLANG_WARN_UNGUARDED_AVAILABILITY = YES_AGGRESSIVE;
				CLANG_WARN_UNREACHABLE_CODE = YES;
				CLANG_WARN__DUPLICATE_METHOD_MATCH = YES;
				CODE_SIGN_IDENTITY = "-";
				COPY_PHASE_STRIP = NO;
				DEBUG_INFORMATION_FORMAT = dwarf;
				ENABLE_STRICT_OBJC_MSGSEND = YES;
				ENABLE_TESTABILITY = YES;
				GCC_C_LANGUAGE_STANDARD = gnu11;
				GCC_DYNAMIC_NO_PIC = NO;
				GCC_NO_COMMON_BLOCKS = YES;
				GCC_OPTIMIZATION_LEVEL = 0;
				GCC_PREPROCESSOR_DEFINITIONS = (
					"DEBUG=1",
					"$(inherited)",
				);
				GCC_WARN_64_TO_32_BIT_CONVERSION = YES;
				GCC_WARN_ABOUT_RETURN_TYPE = YES_ERROR;
				GCC_WARN_UNDECLARED_SELECTOR = YES;
				GCC_WARN_UNINITIALIZED_AUTOS = YES_AGGRESSIVE;
				GCC_WARN_UNUSED_FUNCTION = YES;
				GCC_WARN_UNUSED_VARIABLE = YES;
				MACOSX_DEPLOYMENT_TARGET = 10.12;
				MTL_ENABLE_DEBUG_INFO = YES;
				ONLY_ACTIVE_ARCH = YES;
				SDKROOT = macosx;
			};
			name = Debug;
		};
		9497F30B1FB1DDEC0027B76A /* Release */ = {
			isa = XCBuildConfiguration;
			buildSettings = {
				ALWAYS_SEARCH_USER_PATHS = NO;
				CLANG_ANALYZER_NONNULL = YES;
				CLANG_ANALYZER_NUMBER_OBJECT_CONVERSION = YES_AGGRESSIVE;
				CLANG_CXX_LANGUAGE_STANDARD = "gnu++14";
				CLANG_CXX_LIBRARY = "libc++";
				CLANG_ENABLE_MODULES = YES;
				CLANG_ENABLE_OBJC_ARC = YES;
				CLANG_WARN_BLOCK_CAPTURE_AUTORELEASING = YES;
				CLANG_WARN_BOOL_CONVERSION = YES;
				CLANG_WARN_COMMA = YES;
				CLANG_WARN_CONSTANT_CONVERSION = YES;
				CLANG_WARN_DIRECT_OBJC_ISA_USAGE = YES_ERROR;
				CLANG_WARN_DOCUMENTATION_COMMENTS = YES;
				CLANG_WARN_EMPTY_BODY = YES;
				CLANG_WARN_ENUM_CONVERSION = YES;
				CLANG_WARN_INFINITE_RECURSION = YES;
				CLANG_WARN_INT_CONVERSION = YES;
				CLANG_WARN_NON_LITERAL_NULL_CONVERSION = YES;
				CLANG_WARN_OBJC_LITERAL_CONVERSION = YES;
				CLANG_WARN_OBJC_ROOT_CLASS = YES_ERROR;
				CLANG_WARN_RANGE_LOOP_ANALYSIS = YES;
				CLANG_WARN_STRICT_PROTOTYPES = YES;
				CLANG_WARN_SUSPICIOUS_MOVE = YES;
				CLANG_WARN_UNGUARDED_AVAILABILITY = YES_AGGRESSIVE;
				CLANG_WARN_UNREACHABLE_CODE = YES;
				CLANG_WARN__DUPLICATE_METHOD_MATCH = YES;
				CODE_SIGN_IDENTITY = "-";
				COPY_PHASE_STRIP = NO;
				DEBUG_INFORMATION_FORMAT = "dwarf-with-dsym";
				ENABLE_NS_ASSERTIONS = NO;
				ENABLE_STRICT_OBJC_MSGSEND = YES;
				GCC_C_LANGUAGE_STANDARD = gnu11;
				GCC_NO_COMMON_BLOCKS = YES;
				GCC_WARN_64_TO_32_BIT_CONVERSION = YES;
				GCC_WARN_ABOUT_RETURN_TYPE = YES_ERROR;
				GCC_WARN_UNDECLARED_SELECTOR = YES;
				GCC_WARN_UNINITIALIZED_AUTOS = YES_AGGRESSIVE;
				GCC_WARN_UNUSED_FUNCTION = YES;
				GCC_WARN_UNUSED_VARIABLE = YES;
				MACOSX_DEPLOYMENT_TARGET = 10.12;
				MTL_ENABLE_DEBUG_INFO = NO;
				SDKROOT = macosx;
			};
			name = Release;
		};
		9497F30D1FB1DDEC0027B76A /* Debug */ = {
			isa = XCBuildConfiguration;
			buildSettings = {
				CODE_SIGN_STYLE = Automatic;
				PRODUCT_NAME = "$(TARGET_NAME)";
			};
			name = Debug;
		};
		9497F30E1FB1DDEC0027B76A /* Release */ = {
			isa = XCBuildConfiguration;
			buildSettings = {
				CODE_SIGN_STYLE = Automatic;
				PRODUCT_NAME = "$(TARGET_NAME)";
			};
			name = Release;
		};
/* End XCBuildConfiguration section */

/* Begin XCConfigurationList section */
		9497F3001FB1DDEC0027B76A /* Build configuration list for PBXProject "Reader" */ = {
			isa = XCConfigurationList;
			buildConfigurations = (
				9497F30A1FB1DDEC0027B76A /* Debug */,
				9497F30B1FB1DDEC0027B76A /* Release */,
			);
			defaultConfigurationIsVisible = 0;
			defaultConfigurationName = Release;
		};
		9497F30C1FB1DDEC0027B76A /* Build configuration list for PBXNativeTarget "Reader" */ = {
			isa = XCConfigurationList;
			buildConfigurations = (
				9497F30D1FB1DDEC0027B76A /* Debug */,
				9497F30E1FB1DDEC0027B76A /* Release */,
			);
			defaultConfigurationIsVisible = 0;
			defaultConfigurationName = Release;
		};
/* End XCConfigurationList section */
	};
	rootObject = 9497F2FD1FB1DDEC0027B76A /* Project object */;
}
